
Microsoft Visual Studio Solution File, Format Version 12.00
# Visual Studio Version 16
VisualStudioVersion = 16.0.30406.217
MinimumVisualStudioVersion = 10.0.40219.1
Project("{8BC9CEB8-8B4A-11D0-8D11-00A0C91BC942}") = "DataStructure_LL(Dummyhead)", "DataStructure_LL(Dummyhead)\DataStructure_LL(Dummyhead).vcxproj", "{1F856E12-5638-47FD-8029-840382ADA859}"
EndProject
Global
	GlobalSection(SolutionConfigurationPlatforms) = preSolution
		Debug|x64 = Debug|x64
		Debug|x86 = Debug|x86
		Release|x64 = Release|x64
		Release|x86 = Release|x86
	EndGlobalSection
	GlobalSection(ProjectConfigurationPlatforms) = postSolution
		{1F856E12-5638-47FD-8029-840382ADA859}.Debug|x64.ActiveCfg = Debug|x64
		{1F856E12-5638-47FD-8029-840382ADA859}.Debug|x64.Build.0 = Debug|x64
		{1F856E12-5638-47FD-8029-840382ADA859}.Debug|x86.ActiveCfg = Debug|Win32
		{1F856E12-5638-47FD-8029-840382ADA859}.Debug|x86.Build.0 = Debug|Win32
		{1F856E12-5638-47FD-8029-840382ADA859}.Release|x64.ActiveCfg = Release|x64
		{1F856E12-5638-47FD-8029-840382ADA859}.Release|x64.Build.0 = Release|x64
		{1F856E12-5638-47FD-8029-840382ADA859}.Release|x86.ActiveCfg = Release|Win32
		{1F856E12-5638-47FD-8029-840382ADA859}.Release|x86.Build.0 = Release|Win32
	EndGlobalSection
	GlobalSection(SolutionProperties) = preSolution
		HideSolutionNode = FALSE
	EndGlobalSection
	GlobalSection(ExtensibilityGlobals) = postSolution
		SolutionGuid = {F1A6AF19-64E8-458A-8335-8D1EE64537EE}
	EndGlobalSection
EndGlobal
